
Microsoft Visual Studio Solution File, Format Version 12.00
# Visual Studio Version 17
VisualStudioVersion = 17.8.34525.116
MinimumVisualStudioVersion = 10.0.40219.1
Project("{FAE04EC0-301F-11D3-BF4B-00C04F79EFBC}") = "MultiThreadedProject", "MultiThreadedProject\MultiThreadedProject.csproj", "{EFA2E699-F1FD-4D9B-9810-336CB7697173}"
EndProject
Global
	GlobalSection(SolutionConfigurationPlatforms) = preSolution
		Debug|Any CPU = Debug|Any CPU
		Release|Any CPU = Release|Any CPU
	EndGlobalSection
	GlobalSection(ProjectConfigurationPlatforms) = postSolution
		{EFA2E699-F1FD-4D9B-9810-336CB7697173}.Debug|Any CPU.ActiveCfg = Debug|Any CPU
		{EFA2E699-F1FD-4D9B-9810-336CB7697173}.Debug|Any CPU.Build.0 = Debug|Any CPU
		{EFA2E699-F1FD-4D9B-9810-336CB7697173}.Release|Any CPU.ActiveCfg = Release|Any CPU
		{EFA2E699-F1FD-4D9B-9810-336CB7697173}.Release|Any CPU.Build.0 = Release|Any CPU
	EndGlobalSection
	GlobalSection(SolutionProperties) = preSolution
		HideSolutionNode = FALSE
	EndGlobalSection
	GlobalSection(ExtensibilityGlobals) = postSolution
		SolutionGuid = {27C4EF1C-B05D-4682-8646-522ED49D0F3E}
	EndGlobalSection
EndGlobal
